
Microsoft Visual Studio Solution File, Format Version 12.00
# Visual Studio Version 16
VisualStudioVersion = 16.0.30128.74
MinimumVisualStudioVersion = 10.0.40219.1
Project("{2150E333-8FDC-42A3-9474-1A3956D46DE8}") = "src", "src", "{2FADA7F3-30A6-4A2F-A2FE-9D9E8FAA5EE7}"
EndProject
Project("{2150E333-8FDC-42A3-9474-1A3956D46DE8}") = "Building.Blocks", "Building.Blocks", "{858BB20C-0AC4-4CC8-BB37-AF034047F234}"
EndProject
Project("{2150E333-8FDC-42A3-9474-1A3956D46DE8}") = "Services", "Services", "{F92E0112-4849-4FB2-83F0-1396E2F65343}"
EndProject
Project("{2150E333-8FDC-42A3-9474-1A3956D46DE8}") = "Web", "Web", "{2311B214-8B2F-4DBE-8861-C5EB249FC8C5}"
EndProject
Project("{2150E333-8FDC-42A3-9474-1A3956D46DE8}") = "Identidade", "Identidade", "{D45E29DF-AEF7-4E8F-BE8B-808AF574DDE9}"
EndProject
Project("{FAE04EC0-301F-11D3-BF4B-00C04F79EFBC}") = "NSE.Identidade.API", "src\services\NSE.Identidade.API\NSE.Identidade.API.csproj", "{0D446796-C59E-41F4-9ECA-F8A6E516D27A}"
EndProject
Project("{2150E333-8FDC-42A3-9474-1A3956D46DE8}") = "MVC", "MVC", "{4CE3DE45-D4E7-4CC9-8443-0EB1AA7ACC37}"
EndProject
Project("{FAE04EC0-301F-11D3-BF4B-00C04F79EFBC}") = "NSE.WebApp.MVC", "src\web\NSE.WebApp.MVC\NSE.WebApp.MVC.csproj", "{3BCD3C3D-1804-4E1E-862F-1937FE8354C0}"
EndProject
Project("{2150E333-8FDC-42A3-9474-1A3956D46DE8}") = "Core", "Core", "{0F827662-AA86-4D6A-9B3C-0DB3EFF67A66}"
EndProject
Project("{FAE04EC0-301F-11D3-BF4B-00C04F79EFBC}") = "NSE.Core", "src\building.blocks\NSE.Core\NSE.Core.csproj", "{5F54E126-18E6-42B6-89BA-E3CA1CDCF1F3}"
EndProject
Project("{2150E333-8FDC-42A3-9474-1A3956D46DE8}") = "Carrinho", "Carrinho", "{2E304582-E53A-4FE4-ACD0-29E9C876ABAB}"
EndProject
Project("{FAE04EC0-301F-11D3-BF4B-00C04F79EFBC}") = "NSE.Carrinho.API", "src\services\NSE.Carrinho.API\NSE.Carrinho.API.csproj", "{CFA39695-A29D-4610-8330-14E52C21B05B}"
EndProject
Project("{2150E333-8FDC-42A3-9474-1A3956D46DE8}") = "Catalogo", "Catalogo", "{373295B7-0E94-447B-BD21-00B3C2F1E7E7}"
EndProject
Project("{FAE04EC0-301F-11D3-BF4B-00C04F79EFBC}") = "NSE.Catalogo.API", "src\services\NSE.Catalogo.API\NSE.Catalogo.API.csproj", "{984EE654-E0D9-43E0-B323-B16A74ABC7EC}"
EndProject
Project("{2150E333-8FDC-42A3-9474-1A3956D46DE8}") = "Cliente", "Cliente", "{73A21AAC-DEDF-47D8-AB7E-48FAE7297541}"
EndProject
Project("{FAE04EC0-301F-11D3-BF4B-00C04F79EFBC}") = "NSE.Cliente.API", "src\services\NSE.Cliente.API\NSE.Cliente.API.csproj", "{5AE0CB23-10D0-4343-B313-2EADF96DE580}"
EndProject
Project("{2150E333-8FDC-42A3-9474-1A3956D46DE8}") = "Pagamento", "Pagamento", "{0EB7EE86-A86B-43D2-897B-A0C22F2F48A5}"
EndProject
Project("{FAE04EC0-301F-11D3-BF4B-00C04F79EFBC}") = "NSE.Pagamento.API", "src\services\NSE.Pagamento.API\NSE.Pagamento.API.csproj", "{9402E83B-B9B6-43A8-B22B-2FF4DA801BB9}"
EndProject
Project("{2150E333-8FDC-42A3-9474-1A3956D46DE8}") = "Pedido", "Pedido", "{9B1E5902-03BD-4324-9564-4026DE23B776}"
EndProject
Project("{FAE04EC0-301F-11D3-BF4B-00C04F79EFBC}") = "NSE.Pedido.API", "src\services\NSE.Pedido.API\NSE.Pedido.API.csproj", "{52ABBC62-1B3F-4FE7-9A71-08FD2F8145BC}"
EndProject
Global
	GlobalSection(SolutionConfigurationPlatforms) = preSolution
		Debug|Any CPU = Debug|Any CPU
		Release|Any CPU = Release|Any CPU
	EndGlobalSection
	GlobalSection(ProjectConfigurationPlatforms) = postSolution
		{0D446796-C59E-41F4-9ECA-F8A6E516D27A}.Debug|Any CPU.ActiveCfg = Debug|Any CPU
		{0D446796-C59E-41F4-9ECA-F8A6E516D27A}.Debug|Any CPU.Build.0 = Debug|Any CPU
		{0D446796-C59E-41F4-9ECA-F8A6E516D27A}.Release|Any CPU.ActiveCfg = Release|Any CPU
		{0D446796-C59E-41F4-9ECA-F8A6E516D27A}.Release|Any CPU.Build.0 = Release|Any CPU
		{3BCD3C3D-1804-4E1E-862F-1937FE8354C0}.Debug|Any CPU.ActiveCfg = Debug|Any CPU
		{3BCD3C3D-1804-4E1E-862F-1937FE8354C0}.Debug|Any CPU.Build.0 = Debug|Any CPU
		{3BCD3C3D-1804-4E1E-862F-1937FE8354C0}.Release|Any CPU.ActiveCfg = Release|Any CPU
		{3BCD3C3D-1804-4E1E-862F-1937FE8354C0}.Release|Any CPU.Build.0 = Release|Any CPU
		{5F54E126-18E6-42B6-89BA-E3CA1CDCF1F3}.Debug|Any CPU.ActiveCfg = Debug|Any CPU
		{5F54E126-18E6-42B6-89BA-E3CA1CDCF1F3}.Debug|Any CPU.Build.0 = Debug|Any CPU
		{5F54E126-18E6-42B6-89BA-E3CA1CDCF1F3}.Release|Any CPU.ActiveCfg = Release|Any CPU
		{5F54E126-18E6-42B6-89BA-E3CA1CDCF1F3}.Release|Any CPU.Build.0 = Release|Any CPU
		{CFA39695-A29D-4610-8330-14E52C21B05B}.Debug|Any CPU.ActiveCfg = Debug|Any CPU
		{CFA39695-A29D-4610-8330-14E52C21B05B}.Debug|Any CPU.Build.0 = Debug|Any CPU
		{CFA39695-A29D-4610-8330-14E52C21B05B}.Release|Any CPU.ActiveCfg = Release|Any CPU
		{CFA39695-A29D-4610-8330-14E52C21B05B}.Release|Any CPU.Build.0 = Release|Any CPU
		{984EE654-E0D9-43E0-B323-B16A74ABC7EC}.Debug|Any CPU.ActiveCfg = Debug|Any CPU
		{984EE654-E0D9-43E0-B323-B16A74ABC7EC}.Debug|Any CPU.Build.0 = Debug|Any CPU
		{984EE654-E0D9-43E0-B323-B16A74ABC7EC}.Release|Any CPU.ActiveCfg = Release|Any CPU
		{984EE654-E0D9-43E0-B323-B16A74ABC7EC}.Release|Any CPU.Build.0 = Release|Any CPU
		{5AE0CB23-10D0-4343-B313-2EADF96DE580}.Debug|Any CPU.ActiveCfg = Debug|Any CPU
		{5AE0CB23-10D0-4343-B313-2EADF96DE580}.Debug|Any CPU.Build.0 = Debug|Any CPU
		{5AE0CB23-10D0-4343-B313-2EADF96DE580}.Release|Any CPU.ActiveCfg = Release|Any CPU
		{5AE0CB23-10D0-4343-B313-2EADF96DE580}.Release|Any CPU.Build.0 = Release|Any CPU
		{9402E83B-B9B6-43A8-B22B-2FF4DA801BB9}.Debug|Any CPU.ActiveCfg = Debug|Any CPU
		{9402E83B-B9B6-43A8-B22B-2FF4DA801BB9}.Debug|Any CPU.Build.0 = Debug|Any CPU
		{9402E83B-B9B6-43A8-B22B-2FF4DA801BB9}.Release|Any CPU.ActiveCfg = Release|Any CPU
		{9402E83B-B9B6-43A8-B22B-2FF4DA801BB9}.Release|Any CPU.Build.0 = Release|Any CPU
		{52ABBC62-1B3F-4FE7-9A71-08FD2F8145BC}.Debug|Any CPU.ActiveCfg = Debug|Any CPU
		{52ABBC62-1B3F-4FE7-9A71-08FD2F8145BC}.Debug|Any CPU.Build.0 = Debug|Any CPU
		{52ABBC62-1B3F-4FE7-9A71-08FD2F8145BC}.Release|Any CPU.ActiveCfg = Release|Any CPU
		{52ABBC62-1B3F-4FE7-9A71-08FD2F8145BC}.Release|Any CPU.Build.0 = Release|Any CPU
	EndGlobalSection
	GlobalSection(SolutionProperties) = preSolution
		HideSolutionNode = FALSE
	EndGlobalSection
	GlobalSection(NestedProjects) = preSolution
		{858BB20C-0AC4-4CC8-BB37-AF034047F234} = {2FADA7F3-30A6-4A2F-A2FE-9D9E8FAA5EE7}
		{F92E0112-4849-4FB2-83F0-1396E2F65343} = {2FADA7F3-30A6-4A2F-A2FE-9D9E8FAA5EE7}
		{2311B214-8B2F-4DBE-8861-C5EB249FC8C5} = {2FADA7F3-30A6-4A2F-A2FE-9D9E8FAA5EE7}
		{D45E29DF-AEF7-4E8F-BE8B-808AF574DDE9} = {F92E0112-4849-4FB2-83F0-1396E2F65343}
		{0D446796-C59E-41F4-9ECA-F8A6E516D27A} = {D45E29DF-AEF7-4E8F-BE8B-808AF574DDE9}
		{4CE3DE45-D4E7-4CC9-8443-0EB1AA7ACC37} = {2311B214-8B2F-4DBE-8861-C5EB249FC8C5}
		{3BCD3C3D-1804-4E1E-862F-1937FE8354C0} = {4CE3DE45-D4E7-4CC9-8443-0EB1AA7ACC37}
		{0F827662-AA86-4D6A-9B3C-0DB3EFF67A66} = {858BB20C-0AC4-4CC8-BB37-AF034047F234}
		{5F54E126-18E6-42B6-89BA-E3CA1CDCF1F3} = {0F827662-AA86-4D6A-9B3C-0DB3EFF67A66}
		{2E304582-E53A-4FE4-ACD0-29E9C876ABAB} = {F92E0112-4849-4FB2-83F0-1396E2F65343}
		{CFA39695-A29D-4610-8330-14E52C21B05B} = {2E304582-E53A-4FE4-ACD0-29E9C876ABAB}
		{373295B7-0E94-447B-BD21-00B3C2F1E7E7} = {F92E0112-4849-4FB2-83F0-1396E2F65343}
		{984EE654-E0D9-43E0-B323-B16A74ABC7EC} = {373295B7-0E94-447B-BD21-00B3C2F1E7E7}
		{73A21AAC-DEDF-47D8-AB7E-48FAE7297541} = {F92E0112-4849-4FB2-83F0-1396E2F65343}
		{5AE0CB23-10D0-4343-B313-2EADF96DE580} = {73A21AAC-DEDF-47D8-AB7E-48FAE7297541}
		{0EB7EE86-A86B-43D2-897B-A0C22F2F48A5} = {F92E0112-4849-4FB2-83F0-1396E2F65343}
		{9402E83B-B9B6-43A8-B22B-2FF4DA801BB9} = {0EB7EE86-A86B-43D2-897B-A0C22F2F48A5}
		{9B1E5902-03BD-4324-9564-4026DE23B776} = {F92E0112-4849-4FB2-83F0-1396E2F65343}
		{52ABBC62-1B3F-4FE7-9A71-08FD2F8145BC} = {9B1E5902-03BD-4324-9564-4026DE23B776}
	EndGlobalSection
	GlobalSection(ExtensibilityGlobals) = postSolution
		SolutionGuid = {0C870656-CD43-446A-A881-C88C92927611}
	EndGlobalSection
EndGlobal
